
Microsoft Visual Studio Solution File, Format Version 12.00
# Visual Studio 15
VisualStudioVersion = 15.0.33919.361
MinimumVisualStudioVersion = 10.0.40219.1
Project("{E24C65DC-7377-472B-9ABA-BC803B73C61A}") = "YemekTarifiSitem", "YemekTarifiSitem\", "{0ACE651E-779F-48D2-9E4B-EFE3DD4C701A}"
	ProjectSection(WebsiteProperties) = preProject
		TargetFrameworkMoniker = ".NETFramework,Version%3Dv4.6.1"
		Debug.AspNetCompiler.VirtualPath = "/localhost_64689"
		Debug.AspNetCompiler.PhysicalPath = "YemekTarifiSitem\"
		Debug.AspNetCompiler.TargetPath = "PrecompiledWeb\localhost_64689\"
		Debug.AspNetCompiler.Updateable = "true"
		Debug.AspNetCompiler.ForceOverwrite = "true"
		Debug.AspNetCompiler.FixedNames = "false"
		Debug.AspNetCompiler.Debug = "True"
		Release.AspNetCompiler.VirtualPath = "/localhost_64689"
		Release.AspNetCompiler.PhysicalPath = "YemekTarifiSitem\"
		Release.AspNetCompiler.TargetPath = "PrecompiledWeb\localhost_64689\"
		Release.AspNetCompiler.Updateable = "true"
		Release.AspNetCompiler.ForceOverwrite = "true"
		Release.AspNetCompiler.FixedNames = "false"
		Release.AspNetCompiler.Debug = "False"
		VWDPort = "64689"
		SlnRelativePath = "YemekTarifiSitem\"
		DefaultWebSiteLanguage = "Visual C#"
	EndProjectSection
EndProject
Global
	GlobalSection(SolutionConfigurationPlatforms) = preSolution
		Debug|Any CPU = Debug|Any CPU
	EndGlobalSection
	GlobalSection(ProjectConfigurationPlatforms) = postSolution
		{0ACE651E-779F-48D2-9E4B-EFE3DD4C701A}.Debug|Any CPU.ActiveCfg = Debug|Any CPU
		{0ACE651E-779F-48D2-9E4B-EFE3DD4C701A}.Debug|Any CPU.Build.0 = Debug|Any CPU
	EndGlobalSection
	GlobalSection(SolutionProperties) = preSolution
		HideSolutionNode = FALSE
	EndGlobalSection
	GlobalSection(ExtensibilityGlobals) = postSolution
		SolutionGuid = {52114E4F-EF20-4108-B9DD-89ECE1BD3A1B}
	EndGlobalSection
EndGlobal
